
Microsoft Visual Studio Solution File, Format Version 12.00
# Visual Studio Version 18
VisualStudioVersion = 18.7.11903.348
MinimumVisualStudioVersion = 10.0.40219.1
Project("{FAE04EC0-301F-11D3-BF4B-00C04F79EFBC}") = "RomForge", "RomForge\RomForge.csproj", "{A1B2C3D4-0001-0001-0001-000000000001}"
EndProject
Project("{FAE04EC0-301F-11D3-BF4B-00C04F79EFBC}") = "RomForge.Core", "RomForge.Core\RomForge.Core.csproj", "{3B65D854-1499-8FB3-2AB6-0DBCD4AA4013}"
EndProject
Project("{FAE04EC0-301F-11D3-BF4B-00C04F79EFBC}") = "Common", "..\RomZip\Common\Common.csproj", "{CD124DBF-86D0-C00F-110F-2B7004D62EA8}"
EndProject
Project("{FAE04EC0-301F-11D3-BF4B-00C04F79EFBC}") = "RomZip.Core", "..\RomZip\RomZip.Core\RomZip.Core.csproj", "{65E48E3A-1CAE-84FB-D379-90DC9FB7087B}"
EndProject
Project("{FAE04EC0-301F-11D3-BF4B-00C04F79EFBC}") = "Patch.Core", "..\기타\PatchCore.Tools\Patch.Core\Patch.Core.csproj", "{857FCB0B-31EA-F473-4FB1-10DDD898B42E}"
EndProject
Project("{FAE04EC0-301F-11D3-BF4B-00C04F79EFBC}") = "3DS.Core", "..\3DS.Installer\3DS.Core\3DS.Core.csproj", "{69144B9B-0989-74E7-365E-FB77E5F251B6}"
EndProject
Project("{FAE04EC0-301F-11D3-BF4B-00C04F79EFBC}") = "CHD.Core", "..\RomZip\CHD.Core\CHD.Core.csproj", "{09735EE5-0FC4-DEFA-C044-CB732154AD93}"
EndProject
Project("{FAE04EC0-301F-11D3-BF4B-00C04F79EFBC}") = "DolphinTool.Core", "..\RomZip\DolphinTool.Core\DolphinTool.Core.csproj", "{31BBC867-5A72-4B57-8A83-2E50EE33DE34}"
EndProject
Project("{FAE04EC0-301F-11D3-BF4B-00C04F79EFBC}") = "Common.WPF", "Common.WPF\Common.WPF.csproj", "{7662E962-34A8-4FF7-8142-15B6074B449F}"
EndProject
Project("{FAE04EC0-301F-11D3-BF4B-00C04F79EFBC}") = "PickPack.Disk", "..\기타\PickPack.Disk\PickPack.Disk.csproj", "{594B5DD3-20AF-3BCB-11D9-125BF4669764}"
EndProject
Project("{FAE04EC0-301F-11D3-BF4B-00C04F79EFBC}") = "PBP.Core", "PBP.Core\PBP.Core.csproj", "{40680222-3FC7-4C80-B801-D1E87D4C0D15}"
EndProject
Project("{FAE04EC0-301F-11D3-BF4B-00C04F79EFBC}") = "NSW.M1.Core", "..\NSW.Tools\NSW.M1.Core\NSW.M1.Core.csproj", "{AD56B267-C4C8-A368-7772-C1932D7B21E2}"
EndProject
Project("{FAE04EC0-301F-11D3-BF4B-00C04F79EFBC}") = "NSW.WPF", "..\NSW.Tools\NSW.WPF\NSW.WPF.csproj", "{18490958-EDB6-C456-8C8B-7D3F97CC4FA0}"
EndProject
Global
	GlobalSection(SolutionConfigurationPlatforms) = preSolution
		Debug|Any CPU = Debug|Any CPU
		Release|Any CPU = Release|Any CPU
	EndGlobalSection
	GlobalSection(ProjectConfigurationPlatforms) = postSolution
		{A1B2C3D4-0001-0001-0001-000000000001}.Debug|Any CPU.ActiveCfg = Debug|Any CPU
		{A1B2C3D4-0001-0001-0001-000000000001}.Debug|Any CPU.Build.0 = Debug|Any CPU
		{A1B2C3D4-0001-0001-0001-000000000001}.Release|Any CPU.ActiveCfg = Release|Any CPU
		{A1B2C3D4-0001-0001-0001-000000000001}.Release|Any CPU.Build.0 = Release|Any CPU
		{3B65D854-1499-8FB3-2AB6-0DBCD4AA4013}.Debug|Any CPU.ActiveCfg = Debug|Any CPU
		{3B65D854-1499-8FB3-2AB6-0DBCD4AA4013}.Debug|Any CPU.Build.0 = Debug|Any CPU
		{3B65D854-1499-8FB3-2AB6-0DBCD4AA4013}.Release|Any CPU.ActiveCfg = Release|Any CPU
		{3B65D854-1499-8FB3-2AB6-0DBCD4AA4013}.Release|Any CPU.Build.0 = Release|Any CPU
		{CD124DBF-86D0-C00F-110F-2B7004D62EA8}.Debug|Any CPU.ActiveCfg = Debug|Any CPU
		{CD124DBF-86D0-C00F-110F-2B7004D62EA8}.Debug|Any CPU.Build.0 = Debug|Any CPU
		{CD124DBF-86D0-C00F-110F-2B7004D62EA8}.Release|Any CPU.ActiveCfg = Release|Any CPU
		{CD124DBF-86D0-C00F-110F-2B7004D62EA8}.Release|Any CPU.Build.0 = Release|Any CPU
		{65E48E3A-1CAE-84FB-D379-90DC9FB7087B}.Debug|Any CPU.ActiveCfg = Debug|Any CPU
		{65E48E3A-1CAE-84FB-D379-90DC9FB7087B}.Debug|Any CPU.Build.0 = Debug|Any CPU
		{65E48E3A-1CAE-84FB-D379-90DC9FB7087B}.Release|Any CPU.ActiveCfg = Release|Any CPU
		{65E48E3A-1CAE-84FB-D379-90DC9FB7087B}.Release|Any CPU.Build.0 = Release|Any CPU
		{857FCB0B-31EA-F473-4FB1-10DDD898B42E}.Debug|Any CPU.ActiveCfg = Debug|Any CPU
		{857FCB0B-31EA-F473-4FB1-10DDD898B42E}.Debug|Any CPU.Build.0 = Debug|Any CPU
		{857FCB0B-31EA-F473-4FB1-10DDD898B42E}.Release|Any CPU.ActiveCfg = Release|Any CPU
		{857FCB0B-31EA-F473-4FB1-10DDD898B42E}.Release|Any CPU.Build.0 = Release|Any CPU
		{69144B9B-0989-74E7-365E-FB77E5F251B6}.Debug|Any CPU.ActiveCfg = Debug|Any CPU
		{69144B9B-0989-74E7-365E-FB77E5F251B6}.Debug|Any CPU.Build.0 = Debug|Any CPU
		{69144B9B-0989-74E7-365E-FB77E5F251B6}.Release|Any CPU.ActiveCfg = Release|Any CPU
		{69144B9B-0989-74E7-365E-FB77E5F251B6}.Release|Any CPU.Build.0 = Release|Any CPU
		{09735EE5-0FC4-DEFA-C044-CB732154AD93}.Debug|Any CPU.ActiveCfg = Debug|Any CPU
		{09735EE5-0FC4-DEFA-C044-CB732154AD93}.Debug|Any CPU.Build.0 = Debug|Any CPU
		{09735EE5-0FC4-DEFA-C044-CB732154AD93}.Release|Any CPU.ActiveCfg = Release|Any CPU
		{09735EE5-0FC4-DEFA-C044-CB732154AD93}.Release|Any CPU.Build.0 = Release|Any CPU
		{31BBC867-5A72-4B57-8A83-2E50EE33DE34}.Debug|Any CPU.ActiveCfg = Debug|Any CPU
		{31BBC867-5A72-4B57-8A83-2E50EE33DE34}.Debug|Any CPU.Build.0 = Debug|Any CPU
		{31BBC867-5A72-4B57-8A83-2E50EE33DE34}.Release|Any CPU.ActiveCfg = Release|Any CPU
		{31BBC867-5A72-4B57-8A83-2E50EE33DE34}.Release|Any CPU.Build.0 = Release|Any CPU
		{7662E962-34A8-4FF7-8142-15B6074B449F}.Debug|Any CPU.ActiveCfg = Debug|Any CPU
		{7662E962-34A8-4FF7-8142-15B6074B449F}.Debug|Any CPU.Build.0 = Debug|Any CPU
		{7662E962-34A8-4FF7-8142-15B6074B449F}.Release|Any CPU.ActiveCfg = Release|Any CPU
		{7662E962-34A8-4FF7-8142-15B6074B449F}.Release|Any CPU.Build.0 = Release|Any CPU
		{594B5DD3-20AF-3BCB-11D9-125BF4669764}.Debug|Any CPU.ActiveCfg = Debug|Any CPU
		{594B5DD3-20AF-3BCB-11D9-125BF4669764}.Debug|Any CPU.Build.0 = Debug|Any CPU
		{594B5DD3-20AF-3BCB-11D9-125BF4669764}.Release|Any CPU.ActiveCfg = Release|Any CPU
		{594B5DD3-20AF-3BCB-11D9-125BF4669764}.Release|Any CPU.Build.0 = Release|Any CPU
		{40680222-3FC7-4C80-B801-D1E87D4C0D15}.Debug|Any CPU.ActiveCfg = Debug|Any CPU
		{40680222-3FC7-4C80-B801-D1E87D4C0D15}.Debug|Any CPU.Build.0 = Debug|Any CPU
		{40680222-3FC7-4C80-B801-D1E87D4C0D15}.Release|Any CPU.ActiveCfg = Release|Any CPU
		{40680222-3FC7-4C80-B801-D1E87D4C0D15}.Release|Any CPU.Build.0 = Release|Any CPU
		{AD56B267-C4C8-A368-7772-C1932D7B21E2}.Debug|Any CPU.ActiveCfg = Debug|Any CPU
		{AD56B267-C4C8-A368-7772-C1932D7B21E2}.Debug|Any CPU.Build.0 = Debug|Any CPU
		{AD56B267-C4C8-A368-7772-C1932D7B21E2}.Release|Any CPU.ActiveCfg = Release|Any CPU
		{AD56B267-C4C8-A368-7772-C1932D7B21E2}.Release|Any CPU.Build.0 = Release|Any CPU
		{18490958-EDB6-C456-8C8B-7D3F97CC4FA0}.Debug|Any CPU.ActiveCfg = Debug|Any CPU
		{18490958-EDB6-C456-8C8B-7D3F97CC4FA0}.Debug|Any CPU.Build.0 = Debug|Any CPU
		{18490958-EDB6-C456-8C8B-7D3F97CC4FA0}.Release|Any CPU.ActiveCfg = Release|Any CPU
		{18490958-EDB6-C456-8C8B-7D3F97CC4FA0}.Release|Any CPU.Build.0 = Release|Any CPU
	EndGlobalSection
	GlobalSection(SolutionProperties) = preSolution
		HideSolutionNode = FALSE
	EndGlobalSection
	GlobalSection(ExtensibilityGlobals) = postSolution
		SolutionGuid = {FBF35124-8C28-4E36-A0CC-E2AFA30AF07F}
	EndGlobalSection
EndGlobal
